{
  "name": "Motive",
  "lockfileVersion": 3,
  "requires": true,
  "packages": {
    "": {
      "dependencies": {
        "@sentry/react": "^10.66.0"
      }
    },
    "node_modules/@sentry/browser": {
      "version": "10.66.0",
      "resolved": "https://registry.npmjs.org/@sentry/browser/-/browser-10.66.0.tgz",
      "integrity": "sha512-MaPoBqKvI7O3UhexSJ/KO/o6T4Tr3A+vQWLZYTos0mxd59jVKMKbbJ6LxM/0uWQ5JAO2XYC/kCMRvk6VqQ5QZw==",
      "license": "MIT",
      "dependencies": {
        "@sentry/browser-utils": "10.66.0",
        "@sentry/conventions": "^0.16.0",
        "@sentry/core": "10.66.0",
        "@sentry/feedback": "10.66.0",
        "@sentry/replay": "10.66.0",
        "@sentry/replay-canvas": "10.66.0"
      },
      "engines": {
        "node": ">=18"
      }
    },
    "node_modules/@sentry/browser-utils": {
      "version": "10.66.0",
      "resolved": "https://registry.npmjs.org/@sentry/browser-utils/-/browser-utils-10.66.0.tgz",
      "integrity": "sha512-sHuALvJMMEilUz84F1ZOQuDoZ3MhjwUHWHkXcElcVMrDIlnTO7Ra0E6Kh0e8JyJaLBMk4Sy9srKSqH9zimQVTQ==",
      "license": "MIT",
      "dependencies": {
        "@sentry/conventions": "^0.16.0",
        "@sentry/core": "10.66.0"
      },
      "engines": {
        "node": ">=18"
      }
    },
    "node_modules/@sentry/conventions": {
      "version": "0.16.0",
      "resolved": "https://registry.npmjs.org/@sentry/conventions/-/conventions-0.16.0.tgz",
      "integrity": "sha512-fO9PLmHdVURcSPUpWCItWAtgKiMwGdJHbovoSEyLplX5sxs2ugvI4CBPTrkkgqhObnZOD0CnWBKDzSVQYBKEyQ==",
      "license": "MIT",
      "engines": {
        "node": ">=14"
      }
    },
    "node_modules/@sentry/core": {
      "version": "10.66.0",
      "resolved": "https://registry.npmjs.org/@sentry/core/-/core-10.66.0.tgz",
      "integrity": "sha512-9UbgSvds7bMJsP561eWmeyMLcfOmnwxtnx2QuW3yLobzP2Ob7CyJCOzP4tGzlTAGDrzShkFEZhiyuBUKiEK2oQ==",
      "license": "MIT",
      "dependencies": {
        "@sentry/conventions": "^0.16.0"
      },
      "engines": {
        "node": ">=18"
      }
    },
    "node_modules/@sentry/feedback": {
      "version": "10.66.0",
      "resolved": "https://registry.npmjs.org/@sentry/feedback/-/feedback-10.66.0.tgz",
      "integrity": "sha512-fr69K76Gz7RRyfMerChdNjWIeQdFh+k21GJcmPCqk43dscUChOsLc3cYLS5cK7iZ/XiUmH9lVzf7EYL2kf2qsA==",
      "license": "MIT",
      "dependencies": {
        "@sentry/core": "10.66.0"
      },
      "engines": {
        "node": ">=18"
      }
    },
    "node_modules/@sentry/react": {
      "version": "10.66.0",
      "resolved": "https://registry.npmjs.org/@sentry/react/-/react-10.66.0.tgz",
      "integrity": "sha512-aodV9C2NnaZBqJvaBceIIaVyMVEisO38EWtH5xL7IMbD6QSmBYsuNU7yYzRcdOj/+99FxJYRPaqwzGnIWnNTHw==",
      "license": "MIT",
      "dependencies": {
        "@sentry/browser": "10.66.0",
        "@sentry/conventions": "^0.16.0",
        "@sentry/core": "10.66.0"
      },
      "engines": {
        "node": ">=18"
      },
      "peerDependencies": {
        "react": "^16.14.0 || 17.x || 18.x || 19.x"
      }
    },
    "node_modules/@sentry/replay": {
      "version": "10.66.0",
      "resolved": "https://registry.npmjs.org/@sentry/replay/-/replay-10.66.0.tgz",
      "integrity": "sha512-Djb4FxQa9bF8z3PoCO00Nw1u+6hma2YuI8JkMoE+F14KWRfCZKQ28sScsvk+OokbXgjtuIsxDEZj/qFGY0w01w==",
      "license": "MIT",
      "dependencies": {
        "@sentry/browser-utils": "10.66.0",
        "@sentry/core": "10.66.0"
      },
      "engines": {
        "node": ">=18"
      }
    },
    "node_modules/@sentry/replay-canvas": {
      "version": "10.66.0",
      "resolved": "https://registry.npmjs.org/@sentry/replay-canvas/-/replay-canvas-10.66.0.tgz",
      "integrity": "sha512-z7fPWEIfAJMJySKXFIqXAzFpkHjp13WGMAmB9+hlHhi9+gjAO8owD9R4XTd86lBswveGwMHKvIx5lFKNVqDcow==",
      "license": "MIT",
      "dependencies": {
        "@sentry/core": "10.66.0",
        "@sentry/replay": "10.66.0"
      },
      "engines": {
        "node": ">=18"
      }
    },
    "node_modules/react": {
      "version": "19.2.7",
      "resolved": "https://registry.npmjs.org/react/-/react-19.2.7.tgz",
      "integrity": "sha512-HNe9WslTbXmFK8o8cmwgAeJFSBvt1bPdHCVKtaaV+WlAN36mpT4hcRpwbf3fY56ar2oIXzsBpOAiIRHAdY0OlQ==",
      "license": "MIT",
      "peer": true,
      "engines": {
        "node": ">=0.10.0"
      }
    }
  }
}
